// !$*UTF8*$!
{
	archiveVersion = 1;
	classes = {
	};
	objectVersion = 77;
	objects = {

/* Begin PBXBuildFile section */
		4613AA6B2DB3C1BA00BD6291 /* Numerics in Frameworks */ = {isa = PBXBuildFile; productRef = 4613AA6A2DB3C1BA00BD6291 /* Numerics */; };
/* End PBXBuildFile section */

/* Begin PBXContainerItemProxy section */
		78A308432D9985B8009AE57E /* PBXContainerItemProxy */ = {
			isa = PBXContainerItemProxy;
			containerPortal = 78A308282D9985B7009AE57E /* Project object */;
			proxyType = 1;
			remoteGlobalIDString = 78A3082F2D9985B8009AE57E;
			remoteInfo = CubeSight;
		};
		78A3084D2D9985B8009AE57E /* PBXContainerItemProxy */ = {
			isa = PBXContainerItemProxy;
			containerPortal = 78A308282D9985B7009AE57E /* Project object */;
			proxyType = 1;
			remoteGlobalIDString = 78A3082F2D9985B8009AE57E;
			remoteInfo = CubeSight;
		};
/* End PBXContainerItemProxy section */

/* Begin PBXFileReference section */
		78A308302D9985B8009AE57E /* CubeSight.app */ = {isa = PBXFileReference; explicitFileType = wrapper.application; includeInIndex = 0; path = CubeSight.app; sourceTree = BUILT_PRODUCTS_DIR; };
		78A308422D9985B8009AE57E /* CubeSightTests.xctest */ = {isa = PBXFileReference; explicitFileType = wrapper.cfbundle; includeInIndex = 0; path = CubeSightTests.xctest; sourceTree = BUILT_PRODUCTS_DIR; };
		78A3084C2D9985B8009AE57E /* CubeSightUITests.xctest */ = {isa = PBXFileReference; explicitFileType = wrapper.cfbundle; includeInIndex = 0; path = CubeSightUITests.xctest; sourceTree = BUILT_PRODUCTS_DIR; };
		78A308892D99873A009AE57E /* CubeSight.xcconfig */ = {isa = PBXFileReference; lastKnownFileType = text.xcconfig; path = CubeSight.xcconfig; sourceTree = "<group>"; };
		78A3088B2D998745009AE57E /* CubeSight-release.xcconfig */ = {isa = PBXFileReference; lastKnownFileType = text.xcconfig; path = "CubeSight-release.xcconfig"; sourceTree = "<group>"; };
/* End PBXFileReference section */

/* Begin PBXFileSystemSynchronizedRootGroup section */
		78A308322D9985B8009AE57E /* CubeSight */ = {
			isa = PBXFileSystemSynchronizedRootGroup;
			path = CubeSight;
			sourceTree = "<group>";
		};
		78A308452D9985B8009AE57E /* CubeSightTests */ = {
			isa = PBXFileSystemSynchronizedRootGroup;
			path = CubeSightTests;
			sourceTree = "<group>";
		};
		78A3084F2D9985B8009AE57E /* CubeSightUITests */ = {
			isa = PBXFileSystemSynchronizedRootGroup;
			path = CubeSightUITests;
			sourceTree = "<group>";
		};
/* End PBXFileSystemSynchronizedRootGroup section */

/* Begin PBXFrameworksBuildPhase section */
		78A3082D2D9985B8009AE57E /* Frameworks */ = {
			isa = PBXFrameworksBuildPhase;
			buildActionMask = 2147483647;
			files = (
				4613AA6B2DB3C1BA00BD6291 /* Numerics in Frameworks */,
			);
			runOnlyForDeploymentPostprocessing = 0;
		};
		78A3083F2D9985B8009AE57E /* Frameworks */ = {
			isa = PBXFrameworksBuildPhase;
			buildActionMask = 2147483647;
			files = (
			);
			runOnlyForDeploymentPostprocessing = 0;
		};
		78A308492D9985B8009AE57E /* Frameworks */ = {
			isa = PBXFrameworksBuildPhase;
			buildActionMask = 2147483647;
			files = (
			);
			runOnlyForDeploymentPostprocessing = 0;
		};
/* End PBXFrameworksBuildPhase section */

/* Begin PBXGroup section */
		78A308272D9985B7009AE57E = {
			isa = PBXGroup;
			children = (
				78A308322D9985B8009AE57E /* CubeSight */,
				78A308452D9985B8009AE57E /* CubeSightTests */,
				78A3084F2D9985B8009AE57E /* CubeSightUITests */,
				78A308312D9985B8009AE57E /* Products */,
				78A308892D99873A009AE57E /* CubeSight.xcconfig */,
				78A3088B2D998745009AE57E /* CubeSight-release.xcconfig */,
			);
			indentWidth = 2;
			sourceTree = "<group>";
			tabWidth = 2;
		};
		78A308312D9985B8009AE57E /* Products */ = {
			isa = PBXGroup;
			children = (
				78A308302D9985B8009AE57E /* CubeSight.app */,
				78A308422D9985B8009AE57E /* CubeSightTests.xctest */,
				78A3084C2D9985B8009AE57E /* CubeSightUITests.xctest */,
			);
			name = Products;
			sourceTree = "<group>";
		};
/* End PBXGroup section */

/* Begin PBXNativeTarget section */
		78A3082F2D9985B8009AE57E /* CubeSight */ = {
			isa = PBXNativeTarget;
			buildConfigurationList = 78A308562D9985B8009AE57E /* Build configuration list for PBXNativeTarget "CubeSight" */;
			buildPhases = (
				78A3082C2D9985B8009AE57E /* Sources */,
				78A3082D2D9985B8009AE57E /* Frameworks */,
				78A3082E2D9985B8009AE57E /* Resources */,
			);
			buildRules = (
			);
			dependencies = (
			);
			fileSystemSynchronizedGroups = (
				78A308322D9985B8009AE57E /* CubeSight */,
			);
			name = CubeSight;
			packageProductDependencies = (
				4613AA6A2DB3C1BA00BD6291 /* Numerics */,
			);
			productName = CubeSight;
			productReference = 78A308302D9985B8009AE57E /* CubeSight.app */;
			productType = "com.apple.product-type.application";
		};
		78A308412D9985B8009AE57E /* CubeSightTests */ = {
			isa = PBXNativeTarget;
			buildConfigurationList = 78A308592D9985B8009AE57E /* Build configuration list for PBXNativeTarget "CubeSightTests" */;
			buildPhases = (
				78A3083E2D9985B8009AE57E /* Sources */,
				78A3083F2D9985B8009AE57E /* Frameworks */,
				78A308402D9985B8009AE57E /* Resources */,
			);
			buildRules = (
			);
			dependencies = (
				78A308442D9985B8009AE57E /* PBXTargetDependency */,
			);
			fileSystemSynchronizedGroups = (
				78A308452D9985B8009AE57E /* CubeSightTests */,
			);
			name = CubeSightTests;
			packageProductDependencies = (
			);
			productName = CubeSightTests;
			productReference = 78A308422D9985B8009AE57E /* CubeSightTests.xctest */;
			productType = "com.apple.product-type.bundle.unit-test";
		};
		78A3084B2D9985B8009AE57E /* CubeSightUITests */ = {
			isa = PBXNativeTarget;
			buildConfigurationList = 78A3085C2D9985B8009AE57E /* Build configuration list for PBXNativeTarget "CubeSightUITests" */;
			buildPhases = (
				78A308482D9985B8009AE57E /* Sources */,
				78A308492D9985B8009AE57E /* Frameworks */,
				78A3084A2D9985B8009AE57E /* Resources */,
			);
			buildRules = (
			);
			dependencies = (
				78A3084E2D9985B8009AE57E /* PBXTargetDependency */,
			);
			fileSystemSynchronizedGroups = (
				78A3084F2D9985B8009AE57E /* CubeSightUITests */,
			);
			name = CubeSightUITests;
			packageProductDependencies = (
			);
			productName = CubeSightUITests;
			productReference = 78A3084C2D9985B8009AE57E /* CubeSightUITests.xctest */;
			productType = "com.apple.product-type.bundle.ui-testing";
		};
/* End PBXNativeTarget section */

/* Begin PBXProject section */
		78A308282D9985B7009AE57E /* Project object */ = {
			isa = PBXProject;
			attributes = {
				BuildIndependentTargetsInParallel = 1;
				LastSwiftUpdateCheck = 1620;
				LastUpgradeCheck = 1620;
				TargetAttributes = {
					78A3082F2D9985B8009AE57E = {
						CreatedOnToolsVersion = 16.2;
					};
					78A308412D9985B8009AE57E = {
						CreatedOnToolsVersion = 16.2;
						TestTargetID = 78A3082F2D9985B8009AE57E;
					};
					78A3084B2D9985B8009AE57E = {
						CreatedOnToolsVersion = 16.2;
						TestTargetID = 78A3082F2D9985B8009AE57E;
					};
				};
			};
			buildConfigurationList = 78A3082B2D9985B7009AE57E /* Build configuration list for PBXProject "CubeSight" */;
			developmentRegion = en;
			hasScannedForEncodings = 0;
			knownRegions = (
				en,
				Base,
			);
			mainGroup = 78A308272D9985B7009AE57E;
			minimizedProjectReferenceProxies = 1;
			packageReferences = (
				78C25B112D9A9557006FFEFB /* XCRemoteSwiftPackageReference "swift-format" */,
				4613AA692DB3C1BA00BD6291 /* XCRemoteSwiftPackageReference "swift-numerics" */,
			);
			preferredProjectObjectVersion = 77;
			productRefGroup = 78A308312D9985B8009AE57E /* Products */;
			projectDirPath = "";
			projectRoot = "";
			targets = (
				78A3082F2D9985B8009AE57E /* CubeSight */,
				78A308412D9985B8009AE57E /* CubeSightTests */,
				78A3084B2D9985B8009AE57E /* CubeSightUITests */,
			);
		};
/* End PBXProject section */

/* Begin PBXResourcesBuildPhase section */
		78A3082E2D9985B8009AE57E /* Resources */ = {
			isa = PBXResourcesBuildPhase;
			buildActionMask = 2147483647;
			files = (
			);
			runOnlyForDeploymentPostprocessing = 0;
		};
		78A308402D9985B8009AE57E /* Resources */ = {
			isa = PBXResourcesBuildPhase;
			buildActionMask = 2147483647;
			files = (
			);
			runOnlyForDeploymentPostprocessing = 0;
		};
		78A3084A2D9985B8009AE57E /* Resources */ = {
			isa = PBXResourcesBuildPhase;
			buildActionMask = 2147483647;
			files = (
			);
			runOnlyForDeploymentPostprocessing = 0;
		};
/* End PBXResourcesBuildPhase section */

/* Begin PBXSourcesBuildPhase section */
		78A3082C2D9985B8009AE57E /* Sources */ = {
			isa = PBXSourcesBuildPhase;
			buildActionMask = 2147483647;
			files = (
			);
			runOnlyForDeploymentPostprocessing = 0;
		};
		78A3083E2D9985B8009AE57E /* Sources */ = {
			isa = PBXSourcesBuildPhase;
			buildActionMask = 2147483647;
			files = (
			);
			runOnlyForDeploymentPostprocessing = 0;
		};
		78A308482D9985B8009AE57E /* Sources */ = {
			isa = PBXSourcesBuildPhase;
			buildActionMask = 2147483647;
			files = (
			);
			runOnlyForDeploymentPostprocessing = 0;
		};
/* End PBXSourcesBuildPhase section */

/* Begin PBXTargetDependency section */
		78A308442D9985B8009AE57E /* PBXTargetDependency */ = {
			isa = PBXTargetDependency;
			target = 78A3082F2D9985B8009AE57E /* CubeSight */;
			targetProxy = 78A308432D9985B8009AE57E /* PBXContainerItemProxy */;
		};
		78A3084E2D9985B8009AE57E /* PBXTargetDependency */ = {
			isa = PBXTargetDependency;
			target = 78A3082F2D9985B8009AE57E /* CubeSight */;
			targetProxy = 78A3084D2D9985B8009AE57E /* PBXContainerItemProxy */;
		};
/* End PBXTargetDependency section */

/* Begin XCBuildConfiguration section */
		78A308542D9985B8009AE57E /* Debug */ = {
			isa = XCBuildConfiguration;
			baseConfigurationReference = 78A308892D99873A009AE57E /* CubeSight.xcconfig */;
			buildSettings = {
				ALWAYS_SEARCH_USER_PATHS = NO;
				ASSETCATALOG_COMPILER_GENERATE_SWIFT_ASSET_SYMBOL_EXTENSIONS = YES;
				CLANG_ANALYZER_NONNULL = YES;
				CLANG_ANALYZER_NUMBER_OBJECT_CONVERSION = YES_AGGRESSIVE;
				CLANG_CXX_LANGUAGE_STANDARD = "gnu++20";
				CLANG_ENABLE_MODULES = YES;
				CLANG_ENABLE_OBJC_ARC = YES;
				CLANG_ENABLE_OBJC_WEAK = YES;
				CLANG_WARN_BLOCK_CAPTURE_AUTORELEASING = YES;
				CLANG_WARN_BOOL_CONVERSION = YES;
				CLANG_WARN_COMMA = YES;
				CLANG_WARN_CONSTANT_CONVERSION = YES;
				CLANG_WARN_DEPRECATED_OBJC_IMPLEMENTATIONS = YES;
				CLANG_WARN_DIRECT_OBJC_ISA_USAGE = YES_ERROR;
				CLANG_WARN_DOCUMENTATION_COMMENTS = YES;
				CLANG_WARN_EMPTY_BODY = YES;
				CLANG_WARN_ENUM_CONVERSION = YES;
				CLANG_WARN_INFINITE_RECURSION = YES;
				CLANG_WARN_INT_CONVERSION = YES;
				CLANG_WARN_NON_LITERAL_NULL_CONVERSION = YES;
				CLANG_WARN_OBJC_IMPLICIT_RETAIN_SELF = YES;
				CLANG_WARN_OBJC_LITERAL_CONVERSION = YES;
				CLANG_WARN_OBJC_ROOT_CLASS = YES_ERROR;
				CLANG_WARN_QUOTED_INCLUDE_IN_FRAMEWORK_HEADER = YES;
				CLANG_WARN_RANGE_LOOP_ANALYSIS = YES;
				CLANG_WARN_STRICT_PROTOTYPES = YES;
				CLANG_WARN_SUSPICIOUS_MOVE = YES;
				CLANG_WARN_UNGUARDED_AVAILABILITY = YES_AGGRESSIVE;
				CLANG_WARN_UNREACHABLE_CODE = YES;
				CLANG_WARN__DUPLICATE_METHOD_MATCH = YES;
				COPY_PHASE_STRIP = NO;
				DEBUG_INFORMATION_FORMAT = dwarf;
				DEVELOPMENT_TEAM = NJH6D3T4YV;
				ENABLE_STRICT_OBJC_MSGSEND = YES;
				ENABLE_TESTABILITY = YES;
				ENABLE_USER_SCRIPT_SANDBOXING = YES;
				GCC_C_LANGUAGE_STANDARD = gnu17;
				GCC_DYNAMIC_NO_PIC = NO;
				GCC_NO_COMMON_BLOCKS = YES;
				GCC_OPTIMIZATION_LEVEL = 0;
				GCC_PREPROCESSOR_DEFINITIONS = (
					"DEBUG=1",
					"$(inherited)",
				);
				GCC_WARN_64_TO_32_BIT_CONVERSION = YES;
				GCC_WARN_ABOUT_RETURN_TYPE = YES_ERROR;
				GCC_WARN_UNDECLARED_SELECTOR = YES;
				GCC_WARN_UNINITIALIZED_AUTOS = YES_AGGRESSIVE;
				GCC_WARN_UNUSED_FUNCTION = YES;
				GCC_WARN_UNUSED_VARIABLE = YES;
				IPHONEOS_DEPLOYMENT_TARGET = 18.2;
				LOCALIZATION_PREFERS_STRING_CATALOGS = YES;
				MTL_ENABLE_DEBUG_INFO = INCLUDE_SOURCE;
				MTL_FAST_MATH = YES;
				ONLY_ACTIVE_ARCH = YES;
				SDKROOT = iphoneos;
				SWIFT_ACTIVE_COMPILATION_CONDITIONS = "DEBUG $(inherited)";
				SWIFT_OPTIMIZATION_LEVEL = "-Onone";
			};
			name = Debug;
		};
		78A308552D9985B8009AE57E /* Release */ = {
			isa = XCBuildConfiguration;
			baseConfigurationReference = 78A3088B2D998745009AE57E /* CubeSight-release.xcconfig */;
			buildSettings = {
				ALWAYS_SEARCH_USER_PATHS = NO;
				ASSETCATALOG_COMPILER_GENERATE_SWIFT_ASSET_SYMBOL_EXTENSIONS = YES;
				CLANG_ANALYZER_NONNULL = YES;
				CLANG_ANALYZER_NUMBER_OBJECT_CONVERSION = YES_AGGRESSIVE;
				CLANG_CXX_LANGUAGE_STANDARD = "gnu++20";
				CLANG_ENABLE_MODULES = YES;
				CLANG_ENABLE_OBJC_ARC = YES;
				CLANG_ENABLE_OBJC_WEAK = YES;
				CLANG_WARN_BLOCK_CAPTURE_AUTORELEASING = YES;
				CLANG_WARN_BOOL_CONVERSION = YES;
				CLANG_WARN_COMMA = YES;
				CLANG_WARN_CONSTANT_CONVERSION = YES;
				CLANG_WARN_DEPRECATED_OBJC_IMPLEMENTATIONS = YES;
				CLANG_WARN_DIRECT_OBJC_ISA_USAGE = YES_ERROR;
				CLANG_WARN_DOCUMENTATION_COMMENTS = YES;
				CLANG_WARN_EMPTY_BODY = YES;
				CLANG_WARN_ENUM_CONVERSION = YES;
				CLANG_WARN_INFINITE_RECURSION = YES;
				CLANG_WARN_INT_CONVERSION = YES;
				CLANG_WARN_NON_LITERAL_NULL_CONVERSION = YES;
				CLANG_WARN_OBJC_IMPLICIT_RETAIN_SELF = YES;
				CLANG_WARN_OBJC_LITERAL_CONVERSION = YES;
				CLANG_WARN_OBJC_ROOT_CLASS = YES_ERROR;
				CLANG_WARN_QUOTED_INCLUDE_IN_FRAMEWORK_HEADER = YES;
				CLANG_WARN_RANGE_LOOP_ANALYSIS = YES;
				CLANG_WARN_STRICT_PROTOTYPES = YES;
				CLANG_WARN_SUSPICIOUS_MOVE = YES;
				CLANG_WARN_UNGUARDED_AVAILABILITY = YES_AGGRESSIVE;
				CLANG_WARN_UNREACHABLE_CODE = YES;
				CLANG_WARN__DUPLICATE_METHOD_MATCH = YES;
				COPY_PHASE_STRIP = NO;
				DEBUG_INFORMATION_FORMAT = "dwarf-with-dsym";
				DEVELOPMENT_TEAM = NJH6D3T4YV;
				ENABLE_NS_ASSERTIONS = NO;
				ENABLE_STRICT_OBJC_MSGSEND = YES;
				ENABLE_USER_SCRIPT_SANDBOXING = YES;
				GCC_C_LANGUAGE_STANDARD = gnu17;
				GCC_NO_COMMON_BLOCKS = YES;
				GCC_WARN_64_TO_32_BIT_CONVERSION = YES;
				GCC_WARN_ABOUT_RETURN_TYPE = YES_ERROR;
				GCC_WARN_UNDECLARED_SELECTOR = YES;
				GCC_WARN_UNINITIALIZED_AUTOS = YES_AGGRESSIVE;
				GCC_WARN_UNUSED_FUNCTION = YES;
				GCC_WARN_UNUSED_VARIABLE = YES;
				IPHONEOS_DEPLOYMENT_TARGET = 18.2;
				LOCALIZATION_PREFERS_STRING_CATALOGS = YES;
				MTL_ENABLE_DEBUG_INFO = NO;
				MTL_FAST_MATH = YES;
				SDKROOT = iphoneos;
				SWIFT_COMPILATION_MODE = wholemodule;
				VALIDATE_PRODUCT = YES;
			};
			name = Release;
		};
		78A308572D9985B8009AE57E /* Debug */ = {
			isa = XCBuildConfiguration;
			buildSettings = {
				ASSETCATALOG_COMPILER_APPICON_NAME = AppIcon;
				ASSETCATALOG_COMPILER_GLOBAL_ACCENT_COLOR_NAME = AccentColor;
				CODE_SIGN_STYLE = Automatic;
				CURRENT_PROJECT_VERSION = 1;
				DEVELOPMENT_ASSET_PATHS = "CubeSight/Preview\\ Content/Preview\\ Assets.xcassets";
				DEVELOPMENT_TEAM = "$(DEVELOPMENT_TEAM)";
				ENABLE_PREVIEWS = YES;
				GENERATE_INFOPLIST_FILE = YES;
				INFOPLIST_KEY_UIApplicationSceneManifest_Generation = YES;
				INFOPLIST_KEY_UIApplicationSupportsIndirectInputEvents = YES;
				INFOPLIST_KEY_UILaunchScreen_Generation = YES;
				INFOPLIST_KEY_UISupportedInterfaceOrientations_iPad = "UIInterfaceOrientationPortrait UIInterfaceOrientationPortraitUpsideDown UIInterfaceOrientationLandscapeLeft UIInterfaceOrientationLandscapeRight";
				INFOPLIST_KEY_UISupportedInterfaceOrientations_iPhone = "UIInterfaceOrientationPortrait UIInterfaceOrientationLandscapeLeft UIInterfaceOrientationLandscapeRight";
				LD_RUNPATH_SEARCH_PATHS = (
					"$(inherited)",
					"@executable_path/Frameworks",
				);
				MARKETING_VERSION = 1.0;
				PRODUCT_BUNDLE_IDENTIFIER = "$(BUNDLE_ID_PREFIX).CubeSight";
				PRODUCT_NAME = "$(TARGET_NAME)";
				SWIFT_EMIT_LOC_STRINGS = YES;
				SWIFT_VERSION = 5.0;
				TARGETED_DEVICE_FAMILY = "1,2";
			};
			name = Debug;
		};
		78A308582D9985B8009AE57E /* Release */ = {
			isa = XCBuildConfiguration;
			buildSettings = {
				ASSETCATALOG_COMPILER_APPICON_NAME = AppIcon;
				ASSETCATALOG_COMPILER_GLOBAL_ACCENT_COLOR_NAME = AccentColor;
				CODE_SIGN_STYLE = Automatic;
				CURRENT_PROJECT_VERSION = 1;
				DEVELOPMENT_ASSET_PATHS = "CubeSight/Preview\\ Content/Preview\\ Assets.xcassets";
				DEVELOPMENT_TEAM = "$(DEVELOPMENT_TEAM)";
				ENABLE_PREVIEWS = YES;
				GENERATE_INFOPLIST_FILE = YES;
				INFOPLIST_KEY_UIApplicationSceneManifest_Generation = YES;
				INFOPLIST_KEY_UIApplicationSupportsIndirectInputEvents = YES;
				INFOPLIST_KEY_UILaunchScreen_Generation = YES;
				INFOPLIST_KEY_UISupportedInterfaceOrientations_iPad = "UIInterfaceOrientationPortrait UIInterfaceOrientationPortraitUpsideDown UIInterfaceOrientationLandscapeLeft UIInterfaceOrientationLandscapeRight";
				INFOPLIST_KEY_UISupportedInterfaceOrientations_iPhone = "UIInterfaceOrientationPortrait UIInterfaceOrientationLandscapeLeft UIInterfaceOrientationLandscapeRight";
				LD_RUNPATH_SEARCH_PATHS = (
					"$(inherited)",
					"@executable_path/Frameworks",
				);
				MARKETING_VERSION = 1.0;
				PRODUCT_BUNDLE_IDENTIFIER = "$(BUNDLE_ID_PREFIX).CubeSight";
				PRODUCT_NAME = "$(TARGET_NAME)";
				SWIFT_EMIT_LOC_STRINGS = YES;
				SWIFT_VERSION = 5.0;
				TARGETED_DEVICE_FAMILY = "1,2";
			};
			name = Release;
		};
		78A3085A2D9985B8009AE57E /* Debug */ = {
			isa = XCBuildConfiguration;
			buildSettings = {
				BUNDLE_LOADER = "$(TEST_HOST)";
				CODE_SIGN_STYLE = Automatic;
				CURRENT_PROJECT_VERSION = 1;
				GENERATE_INFOPLIST_FILE = YES;
				IPHONEOS_DEPLOYMENT_TARGET = 18.2;
				MARKETING_VERSION = 1.0;
				PRODUCT_BUNDLE_IDENTIFIER = "$(BUNDLE_ID_PREFIX).CubeSightTests";
				PRODUCT_NAME = "$(TARGET_NAME)";
				SWIFT_EMIT_LOC_STRINGS = NO;
				SWIFT_VERSION = 5.0;
				TARGETED_DEVICE_FAMILY = "1,2";
				TEST_HOST = "$(BUILT_PRODUCTS_DIR)/CubeSight.app/$(BUNDLE_EXECUTABLE_FOLDER_PATH)/CubeSight";
			};
			name = Debug;
		};
		78A3085B2D9985B8009AE57E /* Release */ = {
			isa = XCBuildConfiguration;
			buildSettings = {
				BUNDLE_LOADER = "$(TEST_HOST)";
				CODE_SIGN_STYLE = Automatic;
				CURRENT_PROJECT_VERSION = 1;
				GENERATE_INFOPLIST_FILE = YES;
				IPHONEOS_DEPLOYMENT_TARGET = 18.2;
				MARKETING_VERSION = 1.0;
				PRODUCT_BUNDLE_IDENTIFIER = "$(BUNDLE_ID_PREFIX).CubeSightTests";
				PRODUCT_NAME = "$(TARGET_NAME)";
				SWIFT_EMIT_LOC_STRINGS = NO;
				SWIFT_VERSION = 5.0;
				TARGETED_DEVICE_FAMILY = "1,2";
				TEST_HOST = "$(BUILT_PRODUCTS_DIR)/CubeSight.app/$(BUNDLE_EXECUTABLE_FOLDER_PATH)/CubeSight";
			};
			name = Release;
		};
		78A3085D2D9985B8009AE57E /* Debug */ = {
			isa = XCBuildConfiguration;
			buildSettings = {
				CODE_SIGN_STYLE = Automatic;
				CURRENT_PROJECT_VERSION = 1;
				GENERATE_INFOPLIST_FILE = YES;
				MARKETING_VERSION = 1.0;
				PRODUCT_BUNDLE_IDENTIFIER = "$(BUNDLE_ID_PREFIX).CubeSightUITests";
				PRODUCT_NAME = "$(TARGET_NAME)";
				SWIFT_EMIT_LOC_STRINGS = NO;
				SWIFT_VERSION = 5.0;
				TARGETED_DEVICE_FAMILY = "1,2";
				TEST_TARGET_NAME = CubeSight;
			};
			name = Debug;
		};
		78A3085E2D9985B8009AE57E /* Release */ = {
			isa = XCBuildConfiguration;
			buildSettings = {
				CODE_SIGN_STYLE = Automatic;
				CURRENT_PROJECT_VERSION = 1;
				GENERATE_INFOPLIST_FILE = YES;
				MARKETING_VERSION = 1.0;
				PRODUCT_BUNDLE_IDENTIFIER = "$(BUNDLE_ID_PREFIX).CubeSightUITests";
				PRODUCT_NAME = "$(TARGET_NAME)";
				SWIFT_EMIT_LOC_STRINGS = NO;
				SWIFT_VERSION = 5.0;
				TARGETED_DEVICE_FAMILY = "1,2";
				TEST_TARGET_NAME = CubeSight;
			};
			name = Release;
		};
/* End XCBuildConfiguration section */

/* Begin XCConfigurationList section */
		78A3082B2D9985B7009AE57E /* Build configuration list for PBXProject "CubeSight" */ = {
			isa = XCConfigurationList;
			buildConfigurations = (
				78A308542D9985B8009AE57E /* Debug */,
				78A308552D9985B8009AE57E /* Release */,
			);
			defaultConfigurationIsVisible = 0;
			defaultConfigurationName = Release;
		};
		78A308562D9985B8009AE57E /* Build configuration list for PBXNativeTarget "CubeSight" */ = {
			isa = XCConfigurationList;
			buildConfigurations = (
				78A308572D9985B8009AE57E /* Debug */,
				78A308582D9985B8009AE57E /* Release */,
			);
			defaultConfigurationIsVisible = 0;
			defaultConfigurationName = Release;
		};
		78A308592D9985B8009AE57E /* Build configuration list for PBXNativeTarget "CubeSightTests" */ = {
			isa = XCConfigurationList;
			buildConfigurations = (
				78A3085A2D9985B8009AE57E /* Debug */,
				78A3085B2D9985B8009AE57E /* Release */,
			);
			defaultConfigurationIsVisible = 0;
			defaultConfigurationName = Release;
		};
		78A3085C2D9985B8009AE57E /* Build configuration list for PBXNativeTarget "CubeSightUITests" */ = {
			isa = XCConfigurationList;
			buildConfigurations = (
				78A3085D2D9985B8009AE57E /* Debug */,
				78A3085E2D9985B8009AE57E /* Release */,
			);
			defaultConfigurationIsVisible = 0;
			defaultConfigurationName = Release;
		};
/* End XCConfigurationList section */

/* Begin XCRemoteSwiftPackageReference section */
		4613AA692DB3C1BA00BD6291 /* XCRemoteSwiftPackageReference "swift-numerics" */ = {
			isa = XCRemoteSwiftPackageReference;
			repositoryURL = "https://github.com/apple/swift-numerics.git";
			requirement = {
				kind = upToNextMajorVersion;
				minimumVersion = 1.0.3;
			};
		};
		78C25B112D9A9557006FFEFB /* XCRemoteSwiftPackageReference "swift-format" */ = {
			isa = XCRemoteSwiftPackageReference;
			repositoryURL = "https://github.com/swiftlang/swift-format";
			requirement = {
				kind = exactVersion;
				version = 600.0.0;
			};
		};
/* End XCRemoteSwiftPackageReference section */

/* Begin XCSwiftPackageProductDependency section */
		4613AA6A2DB3C1BA00BD6291 /* Numerics */ = {
			isa = XCSwiftPackageProductDependency;
			package = 4613AA692DB3C1BA00BD6291 /* XCRemoteSwiftPackageReference "swift-numerics" */;
			productName = Numerics;
		};
/* End XCSwiftPackageProductDependency section */
	};
	rootObject = 78A308282D9985B7009AE57E /* Project object */;
}
